
Microsoft Visual Studio Solution File, Format Version 12.00
# Visual Studio Version 16
VisualStudioVersion = 16.0.30225.117
MinimumVisualStudioVersion = 10.0.40219.1
Project("{9A19103F-16F7-4668-BE54-9A1E7A4F7556}") = "SimbirSoft", "SimbirSoft\SimbirSoft.csproj", "{6CD73E9E-F78F-4B83-9578-C913AC9CF934}"
EndProject
Global
	GlobalSection(SolutionConfigurationPlatforms) = preSolution
		Debug|Any CPU = Debug|Any CPU
		Release|Any CPU = Release|Any CPU
	EndGlobalSection
	GlobalSection(ProjectConfigurationPlatforms) = postSolution
		{6CD73E9E-F78F-4B83-9578-C913AC9CF934}.Debug|Any CPU.ActiveCfg = Debug|Any CPU
		{6CD73E9E-F78F-4B83-9578-C913AC9CF934}.Debug|Any CPU.Build.0 = Debug|Any CPU
		{6CD73E9E-F78F-4B83-9578-C913AC9CF934}.Release|Any CPU.ActiveCfg = Release|Any CPU
		{6CD73E9E-F78F-4B83-9578-C913AC9CF934}.Release|Any CPU.Build.0 = Release|Any CPU
	EndGlobalSection
	GlobalSection(SolutionProperties) = preSolution
		HideSolutionNode = FALSE
	EndGlobalSection
	GlobalSection(ExtensibilityGlobals) = postSolution
		SolutionGuid = {F8FD35A9-B136-48DF-8E11-9AF2E346E053}
	EndGlobalSection
EndGlobal
